
Microsoft Visual Studio Solution File, Format Version 12.00
# Visual Studio Version 17
VisualStudioVersion = 17.2.32630.192
MinimumVisualStudioVersion = 10.0.40219.1
Project("{FAE04EC0-301F-11D3-BF4B-00C04F79EFBC}") = "Car service", "Car service\Car service.csproj", "{DDF70CDB-2DF4-47C8-8EAA-2EB500136B0C}"
EndProject
Global
	GlobalSection(SolutionConfigurationPlatforms) = preSolution
		Debug|Any CPU = Debug|Any CPU
		Release|Any CPU = Release|Any CPU
	EndGlobalSection
	GlobalSection(ProjectConfigurationPlatforms) = postSolution
		{DDF70CDB-2DF4-47C8-8EAA-2EB500136B0C}.Debug|Any CPU.ActiveCfg = Debug|Any CPU
		{DDF70CDB-2DF4-47C8-8EAA-2EB500136B0C}.Debug|Any CPU.Build.0 = Debug|Any CPU
		{DDF70CDB-2DF4-47C8-8EAA-2EB500136B0C}.Release|Any CPU.ActiveCfg = Release|Any CPU
		{DDF70CDB-2DF4-47C8-8EAA-2EB500136B0C}.Release|Any CPU.Build.0 = Release|Any CPU
	EndGlobalSection
	GlobalSection(SolutionProperties) = preSolution
		HideSolutionNode = FALSE
	EndGlobalSection
	GlobalSection(ExtensibilityGlobals) = postSolution
		SolutionGuid = {C787C6CF-BC09-4C6E-A87D-9FAADDEA6A54}
	EndGlobalSection
EndGlobal
